PODS:
  - IQKeyboardManagerSwift (6.2.0)
  - MarqueeLabel/Swift (3.2.0)

DEPENDENCIES:
  - IQKeyboardManagerSwift
  - MarqueeLabel/Swift

SPEC REPOS:
  https://github.com/cocoapods/specs.git:
    - IQKeyboardManagerSwift
    - MarqueeLabel

SPEC CHECKSUMS:
  IQKeyboardManagerSwift: b07ccf9d8cafe993dcd6cb794eb4ba34611a0c4e
  MarqueeLabel: 440a502b91a9179bd98f9fff00ba1150650a1c0e

PODFILE CHECKSUM: 165a2236300510a1ba63da6bdc8db234b3af3f96

COCOAPODS: 1.6.1
